
Microsoft Visual Studio Solution File, Format Version 12.00
# Visual Studio 14
VisualStudioVersion = 14.0.25420.1
MinimumVisualStudioVersion = 10.0.40219.1
Project("{FAE04EC0-301F-11D3-BF4B-00C04F79EFBC}") = "EventStoreClientTests", "EventStoreClientTests\EventStoreClientTests.csproj", "{85DCFC89-CED9-4620-95D3-089F049D6D36}"
EndProject
Project("{F2A71F9B-5D33-465A-A702-920D77279786}") = "KioskDirectedMessage", "..\..\Work\365POS-Sync\365POS_Kiosk_Sync\KioskDirectedMessage\KioskDirectedMessage.fsproj", "{ED24C4B3-1AD1-4147-8E55-34837861BB4F}"
EndProject
Project("{F2A71F9B-5D33-465A-A702-920D77279786}") = "ConsumerDomainEvents", "..\..\Work\365POS-Sync\365POS_Kiosk_Sync\ConsumerEvent\ConsumerDomainEvents.fsproj", "{B8C977CF-8A3A-4930-A48A-19C7151BFC13}"
EndProject
Global
	GlobalSection(SolutionConfigurationPlatforms) = preSolution
		Debug|Any CPU = Debug|Any CPU
		Release|Any CPU = Release|Any CPU
	EndGlobalSection
	GlobalSection(ProjectConfigurationPlatforms) = postSolution
		{85DCFC89-CED9-4620-95D3-089F049D6D36}.Debug|Any CPU.ActiveCfg = Debug|Any CPU
		{85DCFC89-CED9-4620-95D3-089F049D6D36}.Debug|Any CPU.Build.0 = Debug|Any CPU
		{85DCFC89-CED9-4620-95D3-089F049D6D36}.Release|Any CPU.ActiveCfg = Release|Any CPU
		{85DCFC89-CED9-4620-95D3-089F049D6D36}.Release|Any CPU.Build.0 = Release|Any CPU
		{ED24C4B3-1AD1-4147-8E55-34837861BB4F}.Debug|Any CPU.ActiveCfg = Debug|Any CPU
		{ED24C4B3-1AD1-4147-8E55-34837861BB4F}.Debug|Any CPU.Build.0 = Debug|Any CPU
		{ED24C4B3-1AD1-4147-8E55-34837861BB4F}.Release|Any CPU.ActiveCfg = Release|Any CPU
		{ED24C4B3-1AD1-4147-8E55-34837861BB4F}.Release|Any CPU.Build.0 = Release|Any CPU
		{B8C977CF-8A3A-4930-A48A-19C7151BFC13}.Debug|Any CPU.ActiveCfg = Debug|Any CPU
		{B8C977CF-8A3A-4930-A48A-19C7151BFC13}.Debug|Any CPU.Build.0 = Debug|Any CPU
		{B8C977CF-8A3A-4930-A48A-19C7151BFC13}.Release|Any CPU.ActiveCfg = Release|Any CPU
		{B8C977CF-8A3A-4930-A48A-19C7151BFC13}.Release|Any CPU.Build.0 = Release|Any CPU
	EndGlobalSection
	GlobalSection(SolutionProperties) = preSolution
		HideSolutionNode = FALSE
	EndGlobalSection
EndGlobal
